
Microsoft Visual Studio Solution File, Format Version 12.00
# Visual Studio 15
VisualStudioVersion = 15.0.28010.0
MinimumVisualStudioVersion = 10.0.40219.1
Project("{FAE04EC0-301F-11D3-BF4B-00C04F79EFBC}") = "MixAuth", "MixAuth\MixAuth.csproj", "{C341B265-4CF8-42A6-B573-C15DCE2A7C29}"
EndProject
Project("{FAE04EC0-301F-11D3-BF4B-00C04F79EFBC}") = "WpfClient", "WpfClient\WpfClient.csproj", "{4C7AC2DE-0A1E-4D94-B930-0386102E7A67}"
EndProject
Global
	GlobalSection(SolutionConfigurationPlatforms) = preSolution
		Debug|Any CPU = Debug|Any CPU
		Release|Any CPU = Release|Any CPU
	EndGlobalSection
	GlobalSection(ProjectConfigurationPlatforms) = postSolution
		{C341B265-4CF8-42A6-B573-C15DCE2A7C29}.Debug|Any CPU.ActiveCfg = Debug|Any CPU
		{C341B265-4CF8-42A6-B573-C15DCE2A7C29}.Debug|Any CPU.Build.0 = Debug|Any CPU
		{C341B265-4CF8-42A6-B573-C15DCE2A7C29}.Release|Any CPU.ActiveCfg = Release|Any CPU
		{C341B265-4CF8-42A6-B573-C15DCE2A7C29}.Release|Any CPU.Build.0 = Release|Any CPU
		{4C7AC2DE-0A1E-4D94-B930-0386102E7A67}.Debug|Any CPU.ActiveCfg = Debug|Any CPU
		{4C7AC2DE-0A1E-4D94-B930-0386102E7A67}.Debug|Any CPU.Build.0 = Debug|Any CPU
		{4C7AC2DE-0A1E-4D94-B930-0386102E7A67}.Release|Any CPU.ActiveCfg = Release|Any CPU
		{4C7AC2DE-0A1E-4D94-B930-0386102E7A67}.Release|Any CPU.Build.0 = Release|Any CPU
	EndGlobalSection
	GlobalSection(SolutionProperties) = preSolution
		HideSolutionNode = FALSE
	EndGlobalSection
	GlobalSection(ExtensibilityGlobals) = postSolution
		SolutionGuid = {FF957E8F-ED16-4C19-9299-52BD94FD7863}
	EndGlobalSection
EndGlobal
